// !$*UTF8*$!
{
	archiveVersion = 1;
	classes = {
	};
	objectVersion = 50;
	objects = {

/* Begin PBXBuildFile section */
		044E09AD260F6D630095CDBD /* AppDelegate.swift in Sources */ = {isa = PBXBuildFile; fileRef = 044E09AC260F6D630095CDBD /* AppDelegate.swift */; };
		044E09B6260F6D630095CDBD /* Assets.xcassets in Resources */ = {isa = PBXBuildFile; fileRef = 044E09B5260F6D630095CDBD /* Assets.xcassets */; };
		044E09B9260F6D630095CDBD /* LaunchScreen.storyboard in Resources */ = {isa = PBXBuildFile; fileRef = 044E09B7260F6D630095CDBD /* LaunchScreen.storyboard */; };
		044E09C4260F6D640095CDBD /* QuizAppDemoTests.swift in Sources */ = {isa = PBXBuildFile; fileRef = 044E09C3260F6D640095CDBD /* QuizAppDemoTests.swift */; };
		044E09CF260F6D640095CDBD /* QuizAppDemoUITests.swift in Sources */ = {isa = PBXBuildFile; fileRef = 044E09CE260F6D640095CDBD /* QuizAppDemoUITests.swift */; };
		044E09E3260F6F000095CDBD /* QuestionViewControllerTests.swift in Sources */ = {isa = PBXBuildFile; fileRef = 044E09E2260F6F000095CDBD /* QuestionViewControllerTests.swift */; };
		044E09E8260F6FF30095CDBD /* QuestionViewController.swift in Sources */ = {isa = PBXBuildFile; fileRef = 044E09E7260F6FF30095CDBD /* QuestionViewController.swift */; };
		044E09F0260F70D20095CDBD /* QuestionViewController.xib in Resources */ = {isa = PBXBuildFile; fileRef = 044E09EF260F70D20095CDBD /* QuestionViewController.xib */; };
		0453A5192619B11C00093DB4 /* QuestionTests.swift in Sources */ = {isa = PBXBuildFile; fileRef = 0453A5182619B11C00093DB4 /* QuestionTests.swift */; };
		0453A51D2619D4F900093DB4 /* QuestionType.swift in Sources */ = {isa = PBXBuildFile; fileRef = 0453A51C2619D4F900093DB4 /* QuestionType.swift */; };
		0457D70F2610402E00C711E9 /* ResultsViewControllerTest.swift in Sources */ = {isa = PBXBuildFile; fileRef = 0457D70E2610402E00C711E9 /* ResultsViewControllerTest.swift */; };
		0457D7142610410E00C711E9 /* ResultsViewController.swift in Sources */ = {isa = PBXBuildFile; fileRef = 0457D7132610410E00C711E9 /* ResultsViewController.swift */; };
		0457D719261041A900C711E9 /* ResultsViewController.xib in Resources */ = {isa = PBXBuildFile; fileRef = 0457D718261041A900C711E9 /* ResultsViewController.xib */; };
		0457D71E26104C5F00C711E9 /* TableViewHelper.swift in Sources */ = {isa = PBXBuildFile; fileRef = 0457D71D26104C5F00C711E9 /* TableViewHelper.swift */; };
		04A076222618C86D00A8014B /* QuizEngine.framework in Frameworks */ = {isa = PBXBuildFile; fileRef = 04A076212618C86D00A8014B /* QuizEngine.framework */; };
		04A076232618C86D00A8014B /* QuizEngine.framework in Embed Frameworks */ = {isa = PBXBuildFile; fileRef = 04A076212618C86D00A8014B /* QuizEngine.framework */; settings = {ATTRIBUTES = (CodeSignOnCopy, RemoveHeadersOnCopy, ); }; };
		04A076282618CC8F00A8014B /* NavigationControllerRouterTests.swift in Sources */ = {isa = PBXBuildFile; fileRef = 04A076272618CC8F00A8014B /* NavigationControllerRouterTests.swift */; };
		04A0762C2618CD3E00A8014B /* NavigationControllerRouter.swift in Sources */ = {isa = PBXBuildFile; fileRef = 04A0762B2618CD3E00A8014B /* NavigationControllerRouter.swift */; };
		04A77032262310100068F20C /* ViewControllerFactory.swift in Sources */ = {isa = PBXBuildFile; fileRef = 04A77031262310100068F20C /* ViewControllerFactory.swift */; };
		04A77036262310600068F20C /* iOSViewControllerFactory.swift in Sources */ = {isa = PBXBuildFile; fileRef = 04A77035262310600068F20C /* iOSViewControllerFactory.swift */; };
		04A7703A262314D10068F20C /* iOSViewControllerFactory.swift in Sources */ = {isa = PBXBuildFile; fileRef = 04A77039262314D10068F20C /* iOSViewControllerFactory.swift */; };
		04DC59D326108B7200BA4168 /* CorrectAnswerCell.swift in Sources */ = {isa = PBXBuildFile; fileRef = 04DC59D126108B7200BA4168 /* CorrectAnswerCell.swift */; };
		04DC59D426108B7200BA4168 /* CorrectAnswerCell.xib in Resources */ = {isa = PBXBuildFile; fileRef = 04DC59D226108B7200BA4168 /* CorrectAnswerCell.xib */; };
		04DC59E226108BD200BA4168 /* WrongAnswerCell.swift in Sources */ = {isa = PBXBuildFile; fileRef = 04DC59E026108BD200BA4168 /* WrongAnswerCell.swift */; };
		04DC59E326108BD200BA4168 /* WrongAnswerCell.xib in Resources */ = {isa = PBXBuildFile; fileRef = 04DC59E126108BD200BA4168 /* WrongAnswerCell.xib */; };
		04DC59E82610A13500BA4168 /* UITableView+Extension.swift in Sources */ = {isa = PBXBuildFile; fileRef = 04DC59E72610A13500BA4168 /* UITableView+Extension.swift */; };
		04DC59ED2610B11D00BA4168 /* PresentableAsnwer.swift in Sources */ = {isa = PBXBuildFile; fileRef = 04DC59EC2610B11D00BA4168 /* PresentableAsnwer.swift */; };
/* End PBXBuildFile section */

/* Begin PBXContainerItemProxy section */
		044E09C0260F6D640095CDBD /* PBXContainerItemProxy */ = {
			isa = PBXContainerItemProxy;
			containerPortal = 044E09A1260F6D630095CDBD /* Project object */;
			proxyType = 1;
			remoteGlobalIDString = 044E09A8260F6D630095CDBD;
			remoteInfo = QuizAppDemo;
		};
		044E09CB260F6D640095CDBD /* PBXContainerItemProxy */ = {
			isa = PBXContainerItemProxy;
			containerPortal = 044E09A1260F6D630095CDBD /* Project object */;
			proxyType = 1;
			remoteGlobalIDString = 044E09A8260F6D630095CDBD;
			remoteInfo = QuizAppDemo;
		};
/* End PBXContainerItemProxy section */

/* Begin PBXCopyFilesBuildPhase section */
		04A076242618C86D00A8014B /* Embed Frameworks */ = {
			isa = PBXCopyFilesBuildPhase;
			buildActionMask = 2147483647;
			dstPath = "";
			dstSubfolderSpec = 10;
			files = (
				04A076232618C86D00A8014B /* QuizEngine.framework in Embed Frameworks */,
			);
			name = "Embed Frameworks";
			runOnlyForDeploymentPostprocessing = 0;
		};
/* End PBXCopyFilesBuildPhase section */

/* Begin PBXFileReference section */
		044E09A9260F6D630095CDBD /* QuizAppDemo.app */ = {isa = PBXFileReference; explicitFileType = wrapper.application; includeInIndex = 0; path = QuizAppDemo.app; sourceTree = BUILT_PRODUCTS_DIR; };
		044E09AC260F6D630095CDBD /* AppDelegate.swift */ = {isa = PBXFileReference; lastKnownFileType = sourcecode.swift; path = AppDelegate.swift; sourceTree = "<group>"; };
		044E09B5260F6D630095CDBD /* Assets.xcassets */ = {isa = PBXFileReference; lastKnownFileType = folder.assetcatalog; path = Assets.xcassets; sourceTree = "<group>"; };
		044E09B8260F6D630095CDBD /* Base */ = {isa = PBXFileReference; lastKnownFileType = file.storyboard; name = Base; path = Base.lproj/LaunchScreen.storyboard; sourceTree = "<group>"; };
		044E09BA260F6D630095CDBD /* Info.plist */ = {isa = PBXFileReference; lastKnownFileType = text.plist.xml; path = Info.plist; sourceTree = "<group>"; };
		044E09BF260F6D640095CDBD /* QuizAppDemoTests.xctest */ = {isa = PBXFileReference; explicitFileType = wrapper.cfbundle; includeInIndex = 0; path = QuizAppDemoTests.xctest; sourceTree = BUILT_PRODUCTS_DIR; };
		044E09C3260F6D640095CDBD /* QuizAppDemoTests.swift */ = {isa = PBXFileReference; lastKnownFileType = sourcecode.swift; path = QuizAppDemoTests.swift; sourceTree = "<group>"; };
		044E09C5260F6D640095CDBD /* Info.plist */ = {isa = PBXFileReference; lastKnownFileType = text.plist.xml; path = Info.plist; sourceTree = "<group>"; };
		044E09CA260F6D640095CDBD /* QuizAppDemoUITests.xctest */ = {isa = PBXFileReference; explicitFileType = wrapper.cfbundle; includeInIndex = 0; path = QuizAppDemoUITests.xctest; sourceTree = BUILT_PRODUCTS_DIR; };
		044E09CE260F6D640095CDBD /* QuizAppDemoUITests.swift */ = {isa = PBXFileReference; lastKnownFileType = sourcecode.swift; path = QuizAppDemoUITests.swift; sourceTree = "<group>"; };
		044E09D0260F6D640095CDBD /* Info.plist */ = {isa = PBXFileReference; lastKnownFileType = text.plist.xml; path = Info.plist; sourceTree = "<group>"; };
		044E09E2260F6F000095CDBD /* QuestionViewControllerTests.swift */ = {isa = PBXFileReference; lastKnownFileType = sourcecode.swift; path = QuestionViewControllerTests.swift; sourceTree = "<group>"; };
		044E09E7260F6FF30095CDBD /* QuestionViewController.swift */ = {isa = PBXFileReference; lastKnownFileType = sourcecode.swift; path = QuestionViewController.swift; sourceTree = "<group>"; };
		044E09EF260F70D20095CDBD /* QuestionViewController.xib */ = {isa = PBXFileReference; lastKnownFileType = file.xib; path = QuestionViewController.xib; sourceTree = "<group>"; };
		0453A5182619B11C00093DB4 /* QuestionTests.swift */ = {isa = PBXFileReference; lastKnownFileType = sourcecode.swift; path = QuestionTests.swift; sourceTree = "<group>"; };
		0453A51C2619D4F900093DB4 /* QuestionType.swift */ = {isa = PBXFileReference; lastKnownFileType = sourcecode.swift; path = QuestionType.swift; sourceTree = "<group>"; };
		0457D70E2610402E00C711E9 /* ResultsViewControllerTest.swift */ = {isa = PBXFileReference; lastKnownFileType = sourcecode.swift; path = ResultsViewControllerTest.swift; sourceTree = "<group>"; };
		0457D7132610410E00C711E9 /* ResultsViewController.swift */ = {isa = PBXFileReference; lastKnownFileType = sourcecode.swift; path = ResultsViewController.swift; sourceTree = "<group>"; };
		0457D718261041A900C711E9 /* ResultsViewController.xib */ = {isa = PBXFileReference; lastKnownFileType = file.xib; path = ResultsViewController.xib; sourceTree = "<group>"; };
		0457D71D26104C5F00C711E9 /* TableViewHelper.swift */ = {isa = PBXFileReference; lastKnownFileType = sourcecode.swift; path = TableViewHelper.swift; sourceTree = "<group>"; };
		04A076212618C86D00A8014B /* QuizEngine.framework */ = {isa = PBXFileReference; explicitFileType = wrapper.framework; path = QuizEngine.framework; sourceTree = BUILT_PRODUCTS_DIR; };
		04A076272618CC8F00A8014B /* NavigationControllerRouterTests.swift */ = {isa = PBXFileReference; lastKnownFileType = sourcecode.swift; path = NavigationControllerRouterTests.swift; sourceTree = "<group>"; };
		04A0762B2618CD3E00A8014B /* NavigationControllerRouter.swift */ = {isa = PBXFileReference; lastKnownFileType = sourcecode.swift; path = NavigationControllerRouter.swift; sourceTree = "<group>"; };
		04A77031262310100068F20C /* ViewControllerFactory.swift */ = {isa = PBXFileReference; lastKnownFileType = sourcecode.swift; path = ViewControllerFactory.swift; sourceTree = "<group>"; };
		04A77035262310600068F20C /* iOSViewControllerFactory.swift */ = {isa = PBXFileReference; lastKnownFileType = sourcecode.swift; path = iOSViewControllerFactory.swift; sourceTree = "<group>"; };
		04A77039262314D10068F20C /* iOSViewControllerFactory.swift */ = {isa = PBXFileReference; lastKnownFileType = sourcecode.swift; path = iOSViewControllerFactory.swift; sourceTree = "<group>"; };
		04DC59D126108B7200BA4168 /* CorrectAnswerCell.swift */ = {isa = PBXFileReference; lastKnownFileType = sourcecode.swift; path = CorrectAnswerCell.swift; sourceTree = "<group>"; };
		04DC59D226108B7200BA4168 /* CorrectAnswerCell.xib */ = {isa = PBXFileReference; lastKnownFileType = file.xib; path = CorrectAnswerCell.xib; sourceTree = "<group>"; };
		04DC59E026108BD200BA4168 /* WrongAnswerCell.swift */ = {isa = PBXFileReference; lastKnownFileType = sourcecode.swift; path = WrongAnswerCell.swift; sourceTree = "<group>"; };
		04DC59E126108BD200BA4168 /* WrongAnswerCell.xib */ = {isa = PBXFileReference; lastKnownFileType = file.xib; path = WrongAnswerCell.xib; sourceTree = "<group>"; };
		04DC59E72610A13500BA4168 /* UITableView+Extension.swift */ = {isa = PBXFileReference; lastKnownFileType = sourcecode.swift; path = "UITableView+Extension.swift"; sourceTree = "<group>"; };
		04DC59EC2610B11D00BA4168 /* PresentableAsnwer.swift */ = {isa = PBXFileReference; lastKnownFileType = sourcecode.swift; path = PresentableAsnwer.swift; sourceTree = "<group>"; };
/* End PBXFileReference section */

/* Begin PBXFrameworksBuildPhase section */
		044E09A6260F6D630095CDBD /* Frameworks */ = {
			isa = PBXFrameworksBuildPhase;
			buildActionMask = 2147483647;
			files = (
				04A076222618C86D00A8014B /* QuizEngine.framework in Frameworks */,
			);
			runOnlyForDeploymentPostprocessing = 0;
		};
		044E09BC260F6D640095CDBD /* Frameworks */ = {
			isa = PBXFrameworksBuildPhase;
			buildActionMask = 2147483647;
			files = (
			);
			runOnlyForDeploymentPostprocessing = 0;
		};
		044E09C7260F6D640095CDBD /* Frameworks */ = {
			isa = PBXFrameworksBuildPhase;
			buildActionMask = 2147483647;
			files = (
			);
			runOnlyForDeploymentPostprocessing = 0;
		};
/* End PBXFrameworksBuildPhase section */

/* Begin PBXGroup section */
		044E09A0260F6D630095CDBD = {
			isa = PBXGroup;
			children = (
				044E09AB260F6D630095CDBD /* QuizAppDemo */,
				044E09C2260F6D640095CDBD /* QuizAppDemoTests */,
				044E09CD260F6D640095CDBD /* QuizAppDemoUITests */,
				044E09AA260F6D630095CDBD /* Products */,
				04A076202618C86D00A8014B /* Frameworks */,
			);
			sourceTree = "<group>";
		};
		044E09AA260F6D630095CDBD /* Products */ = {
			isa = PBXGroup;
			children = (
				044E09A9260F6D630095CDBD /* QuizAppDemo.app */,
				044E09BF260F6D640095CDBD /* QuizAppDemoTests.xctest */,
				044E09CA260F6D640095CDBD /* QuizAppDemoUITests.xctest */,
			);
			name = Products;
			sourceTree = "<group>";
		};
		044E09AB260F6D630095CDBD /* QuizAppDemo */ = {
			isa = PBXGroup;
			children = (
				044E09AC260F6D630095CDBD /* AppDelegate.swift */,
				044E09B5260F6D630095CDBD /* Assets.xcassets */,
				044E09B7260F6D630095CDBD /* LaunchScreen.storyboard */,
				044E09BA260F6D630095CDBD /* Info.plist */,
				044E09E7260F6FF30095CDBD /* QuestionViewController.swift */,
				044E09EF260F70D20095CDBD /* QuestionViewController.xib */,
				0457D7132610410E00C711E9 /* ResultsViewController.swift */,
				0457D718261041A900C711E9 /* ResultsViewController.xib */,
				04DC59D126108B7200BA4168 /* CorrectAnswerCell.swift */,
				04DC59D226108B7200BA4168 /* CorrectAnswerCell.xib */,
				04DC59E026108BD200BA4168 /* WrongAnswerCell.swift */,
				04DC59E126108BD200BA4168 /* WrongAnswerCell.xib */,
				04DC59E72610A13500BA4168 /* UITableView+Extension.swift */,
				04DC59EC2610B11D00BA4168 /* PresentableAsnwer.swift */,
				04A0762B2618CD3E00A8014B /* NavigationControllerRouter.swift */,
				0453A51C2619D4F900093DB4 /* QuestionType.swift */,
				04A77031262310100068F20C /* ViewControllerFactory.swift */,
				04A77039262314D10068F20C /* iOSViewControllerFactory.swift */,
			);
			path = QuizAppDemo;
			sourceTree = "<group>";
		};
		044E09C2260F6D640095CDBD /* QuizAppDemoTests */ = {
			isa = PBXGroup;
			children = (
				0457D71D26104C5F00C711E9 /* TableViewHelper.swift */,
				044E09E2260F6F000095CDBD /* QuestionViewControllerTests.swift */,
				0457D70E2610402E00C711E9 /* ResultsViewControllerTest.swift */,
				044E09C3260F6D640095CDBD /* QuizAppDemoTests.swift */,
				04A076272618CC8F00A8014B /* NavigationControllerRouterTests.swift */,
				0453A5182619B11C00093DB4 /* QuestionTests.swift */,
				044E09C5260F6D640095CDBD /* Info.plist */,
				04A77035262310600068F20C /* iOSViewControllerFactory.swift */,
			);
			path = QuizAppDemoTests;
			sourceTree = "<group>";
		};
		044E09CD260F6D640095CDBD /* QuizAppDemoUITests */ = {
			isa = PBXGroup;
			children = (
				044E09CE260F6D640095CDBD /* QuizAppDemoUITests.swift */,
				044E09D0260F6D640095CDBD /* Info.plist */,
			);
			path = QuizAppDemoUITests;
			sourceTree = "<group>";
		};
		04A076202618C86D00A8014B /* Frameworks */ = {
			isa = PBXGroup;
			children = (
				04A076212618C86D00A8014B /* QuizEngine.framework */,
			);
			name = Frameworks;
			sourceTree = "<group>";
		};
/* End PBXGroup section */

/* Begin PBXNativeTarget section */
		044E09A8260F6D630095CDBD /* QuizAppDemo */ = {
			isa = PBXNativeTarget;
			buildConfigurationList = 044E09D3260F6D640095CDBD /* Build configuration list for PBXNativeTarget "QuizAppDemo" */;
			buildPhases = (
				044E09A5260F6D630095CDBD /* Sources */,
				044E09A6260F6D630095CDBD /* Frameworks */,
				044E09A7260F6D630095CDBD /* Resources */,
				04A076242618C86D00A8014B /* Embed Frameworks */,
			);
			buildRules = (
			);
			dependencies = (
			);
			name = QuizAppDemo;
			productName = QuizAppDemo;
			productReference = 044E09A9260F6D630095CDBD /* QuizAppDemo.app */;
			productType = "com.apple.product-type.application";
		};
		044E09BE260F6D640095CDBD /* QuizAppDemoTests */ = {
			isa = PBXNativeTarget;
			buildConfigurationList = 044E09D6260F6D640095CDBD /* Build configuration list for PBXNativeTarget "QuizAppDemoTests" */;
			buildPhases = (
				044E09BB260F6D640095CDBD /* Sources */,
				044E09BC260F6D640095CDBD /* Frameworks */,
				044E09BD260F6D640095CDBD /* Resources */,
			);
			buildRules = (
			);
			dependencies = (
				044E09C1260F6D640095CDBD /* PBXTargetDependency */,
			);
			name = QuizAppDemoTests;
			productName = QuizAppDemoTests;
			productReference = 044E09BF260F6D640095CDBD /* QuizAppDemoTests.xctest */;
			productType = "com.apple.product-type.bundle.unit-test";
		};
		044E09C9260F6D640095CDBD /* QuizAppDemoUITests */ = {
			isa = PBXNativeTarget;
			buildConfigurationList = 044E09D9260F6D640095CDBD /* Build configuration list for PBXNativeTarget "QuizAppDemoUITests" */;
			buildPhases = (
				044E09C6260F6D640095CDBD /* Sources */,
				044E09C7260F6D640095CDBD /* Frameworks */,
				044E09C8260F6D640095CDBD /* Resources */,
			);
			buildRules = (
			);
			dependencies = (
				044E09CC260F6D640095CDBD /* PBXTargetDependency */,
			);
			name = QuizAppDemoUITests;
			productName = QuizAppDemoUITests;
			productReference = 044E09CA260F6D640095CDBD /* QuizAppDemoUITests.xctest */;
			productType = "com.apple.product-type.bundle.ui-testing";
		};
/* End PBXNativeTarget section */

/* Begin PBXProject section */
		044E09A1260F6D630095CDBD /* Project object */ = {
			isa = PBXProject;
			attributes = {
				LastSwiftUpdateCheck = 1240;
				LastUpgradeCheck = 1240;
				TargetAttributes = {
					044E09A8260F6D630095CDBD = {
						CreatedOnToolsVersion = 12.4;
					};
					044E09BE260F6D640095CDBD = {
						CreatedOnToolsVersion = 12.4;
						TestTargetID = 044E09A8260F6D630095CDBD;
					};
					044E09C9260F6D640095CDBD = {
						CreatedOnToolsVersion = 12.4;
						TestTargetID = 044E09A8260F6D630095CDBD;
					};
				};
			};
			buildConfigurationList = 044E09A4260F6D630095CDBD /* Build configuration list for PBXProject "QuizAppDemo" */;
			compatibilityVersion = "Xcode 9.3";
			developmentRegion = en;
			hasScannedForEncodings = 0;
			knownRegions = (
				en,
				Base,
			);
			mainGroup = 044E09A0260F6D630095CDBD;
			productRefGroup = 044E09AA260F6D630095CDBD /* Products */;
			projectDirPath = "";
			projectRoot = "";
			targets = (
				044E09A8260F6D630095CDBD /* QuizAppDemo */,
				044E09BE260F6D640095CDBD /* QuizAppDemoTests */,
				044E09C9260F6D640095CDBD /* QuizAppDemoUITests */,
			);
		};
/* End PBXProject section */

/* Begin PBXResourcesBuildPhase section */
		044E09A7260F6D630095CDBD /* Resources */ = {
			isa = PBXResourcesBuildPhase;
			buildActionMask = 2147483647;
			files = (
				044E09B9260F6D630095CDBD /* LaunchScreen.storyboard in Resources */,
				04DC59E326108BD200BA4168 /* WrongAnswerCell.xib in Resources */,
				044E09B6260F6D630095CDBD /* Assets.xcassets in Resources */,
				044E09F0260F70D20095CDBD /* QuestionViewController.xib in Resources */,
				04DC59D426108B7200BA4168 /* CorrectAnswerCell.xib in Resources */,
				0457D719261041A900C711E9 /* ResultsViewController.xib in Resources */,
			);
			runOnlyForDeploymentPostprocessing = 0;
		};
		044E09BD260F6D640095CDBD /* Resources */ = {
			isa = PBXResourcesBuildPhase;
			buildActionMask = 2147483647;
			files = (
			);
			runOnlyForDeploymentPostprocessing = 0;
		};
		044E09C8260F6D640095CDBD /* Resources */ = {
			isa = PBXResourcesBuildPhase;
			buildActionMask = 2147483647;
			files = (
			);
			runOnlyForDeploymentPostprocessing = 0;
		};
/* End PBXResourcesBuildPhase section */

/* Begin PBXSourcesBuildPhase section */
		044E09A5260F6D630095CDBD /* Sources */ = {
			isa = PBXSourcesBuildPhase;
			buildActionMask = 2147483647;
			files = (
				04A0762C2618CD3E00A8014B /* NavigationControllerRouter.swift in Sources */,
				04A77032262310100068F20C /* ViewControllerFactory.swift in Sources */,
				04DC59E226108BD200BA4168 /* WrongAnswerCell.swift in Sources */,
				04A7703A262314D10068F20C /* iOSViewControllerFactory.swift in Sources */,
				04DC59D326108B7200BA4168 /* CorrectAnswerCell.swift in Sources */,
				04DC59ED2610B11D00BA4168 /* PresentableAsnwer.swift in Sources */,
				044E09E8260F6FF30095CDBD /* QuestionViewController.swift in Sources */,
				044E09AD260F6D630095CDBD /* AppDelegate.swift in Sources */,
				0457D7142610410E00C711E9 /* ResultsViewController.swift in Sources */,
				0453A51D2619D4F900093DB4 /* QuestionType.swift in Sources */,
				04DC59E82610A13500BA4168 /* UITableView+Extension.swift in Sources */,
			);
			runOnlyForDeploymentPostprocessing = 0;
		};
		044E09BB260F6D640095CDBD /* Sources */ = {
			isa = PBXSourcesBuildPhase;
			buildActionMask = 2147483647;
			files = (
				044E09E3260F6F000095CDBD /* QuestionViewControllerTests.swift in Sources */,
				044E09C4260F6D640095CDBD /* QuizAppDemoTests.swift in Sources */,
				0457D70F2610402E00C711E9 /* ResultsViewControllerTest.swift in Sources */,
				0457D71E26104C5F00C711E9 /* TableViewHelper.swift in Sources */,
				04A77036262310600068F20C /* iOSViewControllerFactory.swift in Sources */,
				04A076282618CC8F00A8014B /* NavigationControllerRouterTests.swift in Sources */,
				0453A5192619B11C00093DB4 /* QuestionTests.swift in Sources */,
			);
			runOnlyForDeploymentPostprocessing = 0;
		};
		044E09C6260F6D640095CDBD /* Sources */ = {
			isa = PBXSourcesBuildPhase;
			buildActionMask = 2147483647;
			files = (
				044E09CF260F6D640095CDBD /* QuizAppDemoUITests.swift in Sources */,
			);
			runOnlyForDeploymentPostprocessing = 0;
		};
/* End PBXSourcesBuildPhase section */

/* Begin PBXTargetDependency section */
		044E09C1260F6D640095CDBD /* PBXTargetDependency */ = {
			isa = PBXTargetDependency;
			target = 044E09A8260F6D630095CDBD /* QuizAppDemo */;
			targetProxy = 044E09C0260F6D640095CDBD /* PBXContainerItemProxy */;
		};
		044E09CC260F6D640095CDBD /* PBXTargetDependency */ = {
			isa = PBXTargetDependency;
			target = 044E09A8260F6D630095CDBD /* QuizAppDemo */;
			targetProxy = 044E09CB260F6D640095CDBD /* PBXContainerItemProxy */;
		};
/* End PBXTargetDependency section */

/* Begin PBXVariantGroup section */
		044E09B7260F6D630095CDBD /* LaunchScreen.storyboard */ = {
			isa = PBXVariantGroup;
			children = (
				044E09B8260F6D630095CDBD /* Base */,
			);
			name = LaunchScreen.storyboard;
			sourceTree = "<group>";
		};
/* End PBXVariantGroup section */

/* Begin XCBuildConfiguration section */
		044E09D1260F6D640095CDBD /* Debug */ = {
			isa = XCBuildConfiguration;
			buildSettings = {
				ALWAYS_SEARCH_USER_PATHS = NO;
				CLANG_ANALYZER_NONNULL = YES;
				CLANG_ANALYZER_NUMBER_OBJECT_CONVERSION = YES_AGGRESSIVE;
				CLANG_CXX_LANGUAGE_STANDARD = "gnu++14";
				CLANG_CXX_LIBRARY = "libc++";
				CLANG_ENABLE_MODULES = YES;
				CLANG_ENABLE_OBJC_ARC = YES;
				CLANG_ENABLE_OBJC_WEAK = YES;
				CLANG_WARN_BLOCK_CAPTURE_AUTORELEASING = YES;
				CLANG_WARN_BOOL_CONVERSION = YES;
				CLANG_WARN_COMMA = YES;
				CLANG_WARN_CONSTANT_CONVERSION = YES;
				CLANG_WARN_DEPRECATED_OBJC_IMPLEMENTATIONS = YES;
				CLANG_WARN_DIRECT_OBJC_ISA_USAGE = YES_ERROR;
				CLANG_WARN_DOCUMENTATION_COMMENTS = YES;
				CLANG_WARN_EMPTY_BODY = YES;
				CLANG_WARN_ENUM_CONVERSION = YES;
				CLANG_WARN_INFINITE_RECURSION = YES;
				CLANG_WARN_INT_CONVERSION = YES;
				CLANG_WARN_NON_LITERAL_NULL_CONVERSION = YES;
				CLANG_WARN_OBJC_IMPLICIT_RETAIN_SELF = YES;
				CLANG_WARN_OBJC_LITERAL_CONVERSION = YES;
				CLANG_WARN_OBJC_ROOT_CLASS = YES_ERROR;
				CLANG_WARN_QUOTED_INCLUDE_IN_FRAMEWORK_HEADER = YES;
				CLANG_WARN_RANGE_LOOP_ANALYSIS = YES;
				CLANG_WARN_STRICT_PROTOTYPES = YES;
				CLANG_WARN_SUSPICIOUS_MOVE = YES;
				CLANG_WARN_UNGUARDED_AVAILABILITY = YES_AGGRESSIVE;
				CLANG_WARN_UNREACHABLE_CODE = YES;
				CLANG_WARN__DUPLICATE_METHOD_MATCH = YES;
				COPY_PHASE_STRIP = NO;
				DEBUG_INFORMATION_FORMAT = dwarf;
				ENABLE_STRICT_OBJC_MSGSEND = YES;
				ENABLE_TESTABILITY = YES;
				GCC_C_LANGUAGE_STANDARD = gnu11;
				GCC_DYNAMIC_NO_PIC = NO;
				GCC_NO_COMMON_BLOCKS = YES;
				GCC_OPTIMIZATION_LEVEL = 0;
				GCC_PREPROCESSOR_DEFINITIONS = (
					"DEBUG=1",
					"$(inherited)",
				);
				GCC_WARN_64_TO_32_BIT_CONVERSION = YES;
				GCC_WARN_ABOUT_RETURN_TYPE = YES_ERROR;
				GCC_WARN_UNDECLARED_SELECTOR = YES;
				GCC_WARN_UNINITIALIZED_AUTOS = YES_AGGRESSIVE;
				GCC_WARN_UNUSED_FUNCTION = YES;
				GCC_WARN_UNUSED_VARIABLE = YES;
				IPHONEOS_DEPLOYMENT_TARGET = 14.4;
				MTL_ENABLE_DEBUG_INFO = INCLUDE_SOURCE;
				MTL_FAST_MATH = YES;
				ONLY_ACTIVE_ARCH = YES;
				SDKROOT = iphoneos;
				SWIFT_ACTIVE_COMPILATION_CONDITIONS = DEBUG;
				SWIFT_OPTIMIZATION_LEVEL = "-Onone";
			};
			name = Debug;
		};
		044E09D2260F6D640095CDBD /* Release */ = {
			isa = XCBuildConfiguration;
			buildSettings = {
				ALWAYS_SEARCH_USER_PATHS = NO;
				CLANG_ANALYZER_NONNULL = YES;
				CLANG_ANALYZER_NUMBER_OBJECT_CONVERSION = YES_AGGRESSIVE;
				CLANG_CXX_LANGUAGE_STANDARD = "gnu++14";
				CLANG_CXX_LIBRARY = "libc++";
				CLANG_ENABLE_MODULES = YES;
				CLANG_ENABLE_OBJC_ARC = YES;
				CLANG_ENABLE_OBJC_WEAK = YES;
				CLANG_WARN_BLOCK_CAPTURE_AUTORELEASING = YES;
				CLANG_WARN_BOOL_CONVERSION = YES;
				CLANG_WARN_COMMA = YES;
				CLANG_WARN_CONSTANT_CONVERSION = YES;
				CLANG_WARN_DEPRECATED_OBJC_IMPLEMENTATIONS = YES;
				CLANG_WARN_DIRECT_OBJC_ISA_USAGE = YES_ERROR;
				CLANG_WARN_DOCUMENTATION_COMMENTS = YES;
				CLANG_WARN_EMPTY_BODY = YES;
				CLANG_WARN_ENUM_CONVERSION = YES;
				CLANG_WARN_INFINITE_RECURSION = YES;
				CLANG_WARN_INT_CONVERSION = YES;
				CLANG_WARN_NON_LITERAL_NULL_CONVERSION = YES;
				CLANG_WARN_OBJC_IMPLICIT_RETAIN_SELF = YES;
				CLANG_WARN_OBJC_LITERAL_CONVERSION = YES;
				CLANG_WARN_OBJC_ROOT_CLASS = YES_ERROR;
				CLANG_WARN_QUOTED_INCLUDE_IN_FRAMEWORK_HEADER = YES;
				CLANG_WARN_RANGE_LOOP_ANALYSIS = YES;
				CLANG_WARN_STRICT_PROTOTYPES = YES;
				CLANG_WARN_SUSPICIOUS_MOVE = YES;
				CLANG_WARN_UNGUARDED_AVAILABILITY = YES_AGGRESSIVE;
				CLANG_WARN_UNREACHABLE_CODE = YES;
				CLANG_WARN__DUPLICATE_METHOD_MATCH = YES;
				COPY_PHASE_STRIP = NO;
				DEBUG_INFORMATION_FORMAT = "dwarf-with-dsym";
				ENABLE_NS_ASSERTIONS = NO;
				ENABLE_STRICT_OBJC_MSGSEND = YES;
				GCC_C_LANGUAGE_STANDARD = gnu11;
				GCC_NO_COMMON_BLOCKS = YES;
				GCC_WARN_64_TO_32_BIT_CONVERSION = YES;
				GCC_WARN_ABOUT_RETURN_TYPE = YES_ERROR;
				GCC_WARN_UNDECLARED_SELECTOR = YES;
				GCC_WARN_UNINITIALIZED_AUTOS = YES_AGGRESSIVE;
				GCC_WARN_UNUSED_FUNCTION = YES;
				GCC_WARN_UNUSED_VARIABLE = YES;
				IPHONEOS_DEPLOYMENT_TARGET = 14.4;
				MTL_ENABLE_DEBUG_INFO = NO;
				MTL_FAST_MATH = YES;
				SDKROOT = iphoneos;
				SWIFT_COMPILATION_MODE = wholemodule;
				SWIFT_OPTIMIZATION_LEVEL = "-O";
				VALIDATE_PRODUCT = YES;
			};
			name = Release;
		};
		044E09D4260F6D640095CDBD /* Debug */ = {
			isa = XCBuildConfiguration;
			buildSettings = {
				ASSETCATALOG_COMPILER_APPICON_NAME = AppIcon;
				ASSETCATALOG_COMPILER_GLOBAL_ACCENT_COLOR_NAME = AccentColor;
				CODE_SIGN_STYLE = Automatic;
				INFOPLIST_FILE = QuizAppDemo/Info.plist;
				LD_RUNPATH_SEARCH_PATHS = (
					"$(inherited)",
					"@executable_path/Frameworks",
				);
				PRODUCT_BUNDLE_IDENTIFIER = Learning.QuizAppDemo;
				PRODUCT_NAME = "$(TARGET_NAME)";
				SWIFT_VERSION = 5.0;
				TARGETED_DEVICE_FAMILY = "1,2";
			};
			name = Debug;
		};
		044E09D5260F6D640095CDBD /* Release */ = {
			isa = XCBuildConfiguration;
			buildSettings = {
				ASSETCATALOG_COMPILER_APPICON_NAME = AppIcon;
				ASSETCATALOG_COMPILER_GLOBAL_ACCENT_COLOR_NAME = AccentColor;
				CODE_SIGN_STYLE = Automatic;
				INFOPLIST_FILE = QuizAppDemo/Info.plist;
				LD_RUNPATH_SEARCH_PATHS = (
					"$(inherited)",
					"@executable_path/Frameworks",
				);
				PRODUCT_BUNDLE_IDENTIFIER = Learning.QuizAppDemo;
				PRODUCT_NAME = "$(TARGET_NAME)";
				SWIFT_VERSION = 5.0;
				TARGETED_DEVICE_FAMILY = "1,2";
			};
			name = Release;
		};
		044E09D7260F6D640095CDBD /* Debug */ = {
			isa = XCBuildConfiguration;
			buildSettings = {
				ALWAYS_EMBED_SWIFT_STANDARD_LIBRARIES = YES;
				BUNDLE_LOADER = "$(TEST_HOST)";
				CODE_SIGN_STYLE = Automatic;
				INFOPLIST_FILE = QuizAppDemoTests/Info.plist;
				IPHONEOS_DEPLOYMENT_TARGET = 14.4;
				LD_RUNPATH_SEARCH_PATHS = (
					"$(inherited)",
					"@executable_path/Frameworks",
					"@loader_path/Frameworks",
				);
				PRODUCT_BUNDLE_IDENTIFIER = Learning.QuizAppDemoTests;
				PRODUCT_NAME = "$(TARGET_NAME)";
				SWIFT_VERSION = 5.0;
				TARGETED_DEVICE_FAMILY = "1,2";
				TEST_HOST = "$(BUILT_PRODUCTS_DIR)/QuizAppDemo.app/QuizAppDemo";
			};
			name = Debug;
		};
		044E09D8260F6D640095CDBD /* Release */ = {
			isa = XCBuildConfiguration;
			buildSettings = {
				ALWAYS_EMBED_SWIFT_STANDARD_LIBRARIES = YES;
				BUNDLE_LOADER = "$(TEST_HOST)";
				CODE_SIGN_STYLE = Automatic;
				INFOPLIST_FILE = QuizAppDemoTests/Info.plist;
				IPHONEOS_DEPLOYMENT_TARGET = 14.4;
				LD_RUNPATH_SEARCH_PATHS = (
					"$(inherited)",
					"@executable_path/Frameworks",
					"@loader_path/Frameworks",
				);
				PRODUCT_BUNDLE_IDENTIFIER = Learning.QuizAppDemoTests;
				PRODUCT_NAME = "$(TARGET_NAME)";
				SWIFT_VERSION = 5.0;
				TARGETED_DEVICE_FAMILY = "1,2";
				TEST_HOST = "$(BUILT_PRODUCTS_DIR)/QuizAppDemo.app/QuizAppDemo";
			};
			name = Release;
		};
		044E09DA260F6D640095CDBD /* Debug */ = {
			isa = XCBuildConfiguration;
			buildSettings = {
				ALWAYS_EMBED_SWIFT_STANDARD_LIBRARIES = YES;
				CODE_SIGN_STYLE = Automatic;
				INFOPLIST_FILE = QuizAppDemoUITests/Info.plist;
				LD_RUNPATH_SEARCH_PATHS = (
					"$(inherited)",
					"@executable_path/Frameworks",
					"@loader_path/Frameworks",
				);
				PRODUCT_BUNDLE_IDENTIFIER = Learning.QuizAppDemoUITests;
				PRODUCT_NAME = "$(TARGET_NAME)";
				SWIFT_VERSION = 5.0;
				TARGETED_DEVICE_FAMILY = "1,2";
				TEST_TARGET_NAME = QuizAppDemo;
			};
			name = Debug;
		};
		044E09DB260F6D640095CDBD /* Release */ = {
			isa = XCBuildConfiguration;
			buildSettings = {
				ALWAYS_EMBED_SWIFT_STANDARD_LIBRARIES = YES;
				CODE_SIGN_STYLE = Automatic;
				INFOPLIST_FILE = QuizAppDemoUITests/Info.plist;
				LD_RUNPATH_SEARCH_PATHS = (
					"$(inherited)",
					"@executable_path/Frameworks",
					"@loader_path/Frameworks",
				);
				PRODUCT_BUNDLE_IDENTIFIER = Learning.QuizAppDemoUITests;
				PRODUCT_NAME = "$(TARGET_NAME)";
				SWIFT_VERSION = 5.0;
				TARGETED_DEVICE_FAMILY = "1,2";
				TEST_TARGET_NAME = QuizAppDemo;
			};
			name = Release;
		};
/* End XCBuildConfiguration section */

/* Begin XCConfigurationList section */
		044E09A4260F6D630095CDBD /* Build configuration list for PBXProject "QuizAppDemo" */ = {
			isa = XCConfigurationList;
			buildConfigurations = (
				044E09D1260F6D640095CDBD /* Debug */,
				044E09D2260F6D640095CDBD /* Release */,
			);
			defaultConfigurationIsVisible = 0;
			defaultConfigurationName = Release;
		};
		044E09D3260F6D640095CDBD /* Build configuration list for PBXNativeTarget "QuizAppDemo" */ = {
			isa = XCConfigurationList;
			buildConfigurations = (
				044E09D4260F6D640095CDBD /* Debug */,
				044E09D5260F6D640095CDBD /* Release */,
			);
			defaultConfigurationIsVisible = 0;
			defaultConfigurationName = Release;
		};
		044E09D6260F6D640095CDBD /* Build configuration list for PBXNativeTarget "QuizAppDemoTests" */ = {
			isa = XCConfigurationList;
			buildConfigurations = (
				044E09D7260F6D640095CDBD /* Debug */,
				044E09D8260F6D640095CDBD /* Release */,
			);
			defaultConfigurationIsVisible = 0;
			defaultConfigurationName = Release;
		};
		044E09D9260F6D640095CDBD /* Build configuration list for PBXNativeTarget "QuizAppDemoUITests" */ = {
			isa = XCConfigurationList;
			buildConfigurations = (
				044E09DA260F6D640095CDBD /* Debug */,
				044E09DB260F6D640095CDBD /* Release */,
			);
			defaultConfigurationIsVisible = 0;
			defaultConfigurationName = Release;
		};
/* End XCConfigurationList section */
	};
	rootObject = 044E09A1260F6D630095CDBD /* Project object */;
}
